// !$*UTF8*$!
{
	archiveVersion = 1;
	classes = {
	};
	objectVersion = 46;
	objects = {

/* Begin PBXBuildFile section */
		2550B0721937D8B8009B5544 /* Foundation.framework in Frameworks */ = {isa = PBXBuildFile; fileRef = 2550B0711937D8B8009B5544 /* Foundation.framework */; };
		2550B0741937D8B8009B5544 /* CoreGraphics.framework in Frameworks */ = {isa = PBXBuildFile; fileRef = 2550B0731937D8B8009B5544 /* CoreGraphics.framework */; };
		2550B0761937D8B8009B5544 /* UIKit.framework in Frameworks */ = {isa = PBXBuildFile; fileRef = 2550B0751937D8B8009B5544 /* UIKit.framework */; };
		2550B07C1937D8B8009B5544 /* InfoPlist.strings in Resources */ = {isa = PBXBuildFile; fileRef = 2550B07A1937D8B8009B5544 /* InfoPlist.strings */; };
		2550B07E1937D8B8009B5544 /* main.m in Sources */ = {isa = PBXBuildFile; fileRef = 2550B07D1937D8B8009B5544 /* main.m */; };
		2550B0821937D8B8009B5544 /* JJGAppDelegate.m in Sources */ = {isa = PBXBuildFile; fileRef = 2550B0811937D8B8009B5544 /* JJGAppDelegate.m */; };
		2550B0851937D8B8009B5544 /* Main.storyboard in Resources */ = {isa = PBXBuildFile; fileRef = 2550B0831937D8B8009B5544 /* Main.storyboard */; };
		2550B08A1937D8B8009B5544 /* Images.xcassets in Resources */ = {isa = PBXBuildFile; fileRef = 2550B0891937D8B8009B5544 /* Images.xcassets */; };
		2550B0911937D8B8009B5544 /* XCTest.framework in Frameworks */ = {isa = PBXBuildFile; fileRef = 2550B0901937D8B8009B5544 /* XCTest.framework */; };
		2550B0921937D8B8009B5544 /* Foundation.framework in Frameworks */ = {isa = PBXBuildFile; fileRef = 2550B0711937D8B8009B5544 /* Foundation.framework */; };
		2550B0931937D8B8009B5544 /* UIKit.framework in Frameworks */ = {isa = PBXBuildFile; fileRef = 2550B0751937D8B8009B5544 /* UIKit.framework */; };
		2550B09B1937D8B8009B5544 /* InfoPlist.strings in Resources */ = {isa = PBXBuildFile; fileRef = 2550B0991937D8B8009B5544 /* InfoPlist.strings */; };
		2550B09D1937D8B8009B5544 /* PhotoGrid2Tests.m in Sources */ = {isa = PBXBuildFile; fileRef = 2550B09C1937D8B8009B5544 /* PhotoGrid2Tests.m */; };
		2550B0A81937D91F009B5544 /* JJGCollectionViewController.m in Sources */ = {isa = PBXBuildFile; fileRef = 2550B0A71937D91F009B5544 /* JJGCollectionViewController.m */; };
		2550B0AB1937D976009B5544 /* PhotoCell.m in Sources */ = {isa = PBXBuildFile; fileRef = 2550B0AA1937D976009B5544 /* PhotoCell.m */; };
		2550B0C61937D9ED009B5544 /* Frisbee 1.jpg in Resources */ = {isa = PBXBuildFile; fileRef = 2550B0AD1937D9ED009B5544 /* Frisbee 1.jpg */; };
		2550B0C71937D9ED009B5544 /* Frisbee 2.jpeg in Resources */ = {isa = PBXBuildFile; fileRef = 2550B0AE1937D9ED009B5544 /* Frisbee 2.jpeg */; };
		2550B0C81937D9ED009B5544 /* Frisbee 3.jpg in Resources */ = {isa = PBXBuildFile; fileRef = 2550B0AF1937D9ED009B5544 /* Frisbee 3.jpg */; };
		2550B0C91937D9ED009B5544 /* Kessa 1.jpg in Resources */ = {isa = PBXBuildFile; fileRef = 2550B0B01937D9ED009B5544 /* Kessa 1.jpg */; };
		2550B0CA1937D9ED009B5544 /* Kessa 2.jpg in Resources */ = {isa = PBXBuildFile; fileRef = 2550B0B11937D9ED009B5544 /* Kessa 2.jpg */; };
		2550B0CB1937D9ED009B5544 /* Kessa 3.jpg in Resources */ = {isa = PBXBuildFile; fileRef = 2550B0B21937D9ED009B5544 /* Kessa 3.jpg */; };
		2550B0CC1937D9ED009B5544 /* Sounders 1.jpg in Resources */ = {isa = PBXBuildFile; fileRef = 2550B0B31937D9ED009B5544 /* Sounders 1.jpg */; };
		2550B0CD1937D9ED009B5544 /* Sounders 2.jpeg in Resources */ = {isa = PBXBuildFile; fileRef = 2550B0B41937D9ED009B5544 /* Sounders 2.jpeg */; };
		2550B0CE1937D9ED009B5544 /* Sounders 3.jpg in Resources */ = {isa = PBXBuildFile; fileRef = 2550B0B51937D9ED009B5544 /* Sounders 3.jpg */; };
		2550B0CF1937D9ED009B5544 /* Sounders 4.jpg in Resources */ = {isa = PBXBuildFile; fileRef = 2550B0B61937D9ED009B5544 /* Sounders 4.jpg */; };
		2550B0D01937D9ED009B5544 /* Sounders 5.jpg in Resources */ = {isa = PBXBuildFile; fileRef = 2550B0B71937D9ED009B5544 /* Sounders 5.jpg */; };
		2550B0D11937D9ED009B5544 /* Wallace Falls 1.jpg in Resources */ = {isa = PBXBuildFile; fileRef = 2550B0B81937D9ED009B5544 /* Wallace Falls 1.jpg */; };
		2550B0D21937D9ED009B5544 /* Wallace Falls 10.jpg in Resources */ = {isa = PBXBuildFile; fileRef = 2550B0B91937D9ED009B5544 /* Wallace Falls 10.jpg */; };
		2550B0D31937D9ED009B5544 /* Wallace Falls 11.jpg in Resources */ = {isa = PBXBuildFile; fileRef = 2550B0BA1937D9ED009B5544 /* Wallace Falls 11.jpg */; };
		2550B0D41937D9ED009B5544 /* Wallace Falls 12.jpg in Resources */ = {isa = PBXBuildFile; fileRef = 2550B0BB1937D9ED009B5544 /* Wallace Falls 12.jpg */; };
		2550B0D51937D9ED009B5544 /* Wallace Falls 13.jpg in Resources */ = {isa = PBXBuildFile; fileRef = 2550B0BC1937D9ED009B5544 /* Wallace Falls 13.jpg */; };
		2550B0D61937D9ED009B5544 /* Wallace Falls 14.jpg in Resources */ = {isa = PBXBuildFile; fileRef = 2550B0BD1937D9ED009B5544 /* Wallace Falls 14.jpg */; };
		2550B0D71937D9ED009B5544 /* Wallace Falls 2.jpg in Resources */ = {isa = PBXBuildFile; fileRef = 2550B0BE1937D9ED009B5544 /* Wallace Falls 2.jpg */; };
		2550B0D81937D9ED009B5544 /* Wallace Falls 3.jpg in Resources */ = {isa = PBXBuildFile; fileRef = 2550B0BF1937D9ED009B5544 /* Wallace Falls 3.jpg */; };
		2550B0D91937D9ED009B5544 /* Wallace Falls 4.jpg in Resources */ = {isa = PBXBuildFile; fileRef = 2550B0C01937D9ED009B5544 /* Wallace Falls 4.jpg */; };
		2550B0DA1937D9ED009B5544 /* Wallace Falls 5.jpg in Resources */ = {isa = PBXBuildFile; fileRef = 2550B0C11937D9ED009B5544 /* Wallace Falls 5.jpg */; };
		2550B0DB1937D9ED009B5544 /* Wallace Falls 6.jpg in Resources */ = {isa = PBXBuildFile; fileRef = 2550B0C21937D9ED009B5544 /* Wallace Falls 6.jpg */; };
		2550B0DC1937D9ED009B5544 /* Wallace Falls 7.jpg in Resources */ = {isa = PBXBuildFile; fileRef = 2550B0C31937D9ED009B5544 /* Wallace Falls 7.jpg */; };
		2550B0DD1937D9ED009B5544 /* Wallace Falls 8.jpg in Resources */ = {isa = PBXBuildFile; fileRef = 2550B0C41937D9ED009B5544 /* Wallace Falls 8.jpg */; };
		2550B0DE1937D9ED009B5544 /* Wallace Falls 9.jpg in Resources */ = {isa = PBXBuildFile; fileRef = 2550B0C51937D9ED009B5544 /* Wallace Falls 9.jpg */; };
/* End PBXBuildFile section */

/* Begin PBXContainerItemProxy section */
		2550B0941937D8B8009B5544 /* PBXContainerItemProxy */ = {
			isa = PBXContainerItemProxy;
			containerPortal = 2550B0661937D8B8009B5544 /* Project object */;
			proxyType = 1;
			remoteGlobalIDString = 2550B06D1937D8B8009B5544;
			remoteInfo = PhotoGrid2;
		};
/* End PBXContainerItemProxy section */

/* Begin PBXFileReference section */
		2550B06E1937D8B8009B5544 /* PhotoGrid2.app */ = {isa = PBXFileReference; explicitFileType = wrapper.application; includeInIndex = 0; path = PhotoGrid2.app; sourceTree = BUILT_PRODUCTS_DIR; };
		2550B0711937D8B8009B5544 /* Foundation.framework */ = {isa = PBXFileReference; lastKnownFileType = wrapper.framework; name = Foundation.framework; path = System/Library/Frameworks/Foundation.framework; sourceTree = SDKROOT; };
		2550B0731937D8B8009B5544 /* CoreGraphics.framework */ = {isa = PBXFileReference; lastKnownFileType = wrapper.framework; name = CoreGraphics.framework; path = System/Library/Frameworks/CoreGraphics.framework; sourceTree = SDKROOT; };
		2550B0751937D8B8009B5544 /* UIKit.framework */ = {isa = PBXFileReference; lastKnownFileType = wrapper.framework; name = UIKit.framework; path = System/Library/Frameworks/UIKit.framework; sourceTree = SDKROOT; };
		2550B0791937D8B8009B5544 /* PhotoGrid2-Info.plist */ = {isa = PBXFileReference; lastKnownFileType = text.plist.xml; path = "PhotoGrid2-Info.plist"; sourceTree = "<group>"; };
		2550B07B1937D8B8009B5544 /* en */ = {isa = PBXFileReference; lastKnownFileType = text.plist.strings; name = en; path = en.lproj/InfoPlist.strings; sourceTree = "<group>"; };
		2550B07D1937D8B8009B5544 /* main.m */ = {isa = PBXFileReference; lastKnownFileType = sourcecode.c.objc; path = main.m; sourceTree = "<group>"; };
		2550B07F1937D8B8009B5544 /* PhotoGrid2-Prefix.pch */ = {isa = PBXFileReference; lastKnownFileType = sourcecode.c.h; path = "PhotoGrid2-Prefix.pch"; sourceTree = "<group>"; };
		2550B0801937D8B8009B5544 /* JJGAppDelegate.h */ = {isa = PBXFileReference; lastKnownFileType = sourcecode.c.h; path = JJGAppDelegate.h; sourceTree = "<group>"; };
		2550B0811937D8B8009B5544 /* JJGAppDelegate.m */ = {isa = PBXFileReference; lastKnownFileType = sourcecode.c.objc; path = JJGAppDelegate.m; sourceTree = "<group>"; };
		2550B0841937D8B8009B5544 /* Base */ = {isa = PBXFileReference; lastKnownFileType = file.storyboard; name = Base; path = Base.lproj/Main.storyboard; sourceTree = "<group>"; };
		2550B0891937D8B8009B5544 /* Images.xcassets */ = {isa = PBXFileReference; lastKnownFileType = folder.assetcatalog; path = Images.xcassets; sourceTree = "<group>"; };
		2550B08F1937D8B8009B5544 /* PhotoGrid2Tests.xctest */ = {isa = PBXFileReference; explicitFileType = wrapper.cfbundle; includeInIndex = 0; path = PhotoGrid2Tests.xctest; sourceTree = BUILT_PRODUCTS_DIR; };
		2550B0901937D8B8009B5544 /* XCTest.framework */ = {isa = PBXFileReference; lastKnownFileType = wrapper.framework; name = XCTest.framework; path = Library/Frameworks/XCTest.framework; sourceTree = DEVELOPER_DIR; };
		2550B0981937D8B8009B5544 /* PhotoGrid2Tests-Info.plist */ = {isa = PBXFileReference; lastKnownFileType = text.plist.xml; path = "PhotoGrid2Tests-Info.plist"; sourceTree = "<group>"; };
		2550B09A1937D8B8009B5544 /* en */ = {isa = PBXFileReference; lastKnownFileType = text.plist.strings; name = en; path = en.lproj/InfoPlist.strings; sourceTree = "<group>"; };
		2550B09C1937D8B8009B5544 /* PhotoGrid2Tests.m */ = {isa = PBXFileReference; lastKnownFileType = sourcecode.c.objc; path = PhotoGrid2Tests.m; sourceTree = "<group>"; };
		2550B0A61937D91F009B5544 /* JJGCollectionViewController.h */ = {isa = PBXFileReference; fileEncoding = 4; lastKnownFileType = sourcecode.c.h; path = JJGCollectionViewController.h; sourceTree = "<group>"; };
		2550B0A71937D91F009B5544 /* JJGCollectionViewController.m */ = {isa = PBXFileReference; fileEncoding = 4; lastKnownFileType = sourcecode.c.objc; path = JJGCollectionViewController.m; sourceTree = "<group>"; };
		2550B0A91937D976009B5544 /* PhotoCell.h */ = {isa = PBXFileReference; fileEncoding = 4; lastKnownFileType = sourcecode.c.h; path = PhotoCell.h; sourceTree = "<group>"; };
		2550B0AA1937D976009B5544 /* PhotoCell.m */ = {isa = PBXFileReference; fileEncoding = 4; lastKnownFileType = sourcecode.c.objc; path = PhotoCell.m; sourceTree = "<group>"; };
		2550B0AD1937D9ED009B5544 /* Frisbee 1.jpg */ = {isa = PBXFileReference; lastKnownFileType = image.jpeg; path = "Frisbee 1.jpg"; sourceTree = "<group>"; };
		2550B0AE1937D9ED009B5544 /* Frisbee 2.jpeg */ = {isa = PBXFileReference; lastKnownFileType = image.jpeg; path = "Frisbee 2.jpeg"; sourceTree = "<group>"; };
		2550B0AF1937D9ED009B5544 /* Frisbee 3.jpg */ = {isa = PBXFileReference; lastKnownFileType = image.jpeg; path = "Frisbee 3.jpg"; sourceTree = "<group>"; };
		2550B0B01937D9ED009B5544 /* Kessa 1.jpg */ = {isa = PBXFileReference; lastKnownFileType = image.jpeg; path = "Kessa 1.jpg"; sourceTree = "<group>"; };
		2550B0B11937D9ED009B5544 /* Kessa 2.jpg */ = {isa = PBXFileReference; lastKnownFileType = image.jpeg; path = "Kessa 2.jpg"; sourceTree = "<group>"; };
		2550B0B21937D9ED009B5544 /* Kessa 3.jpg */ = {isa = PBXFileReference; lastKnownFileType = image.jpeg; path = "Kessa 3.jpg"; sourceTree = "<group>"; };
		2550B0B31937D9ED009B5544 /* Sounders 1.jpg */ = {isa = PBXFileReference; lastKnownFileType = image.jpeg; path = "Sounders 1.jpg"; sourceTree = "<group>"; };
		2550B0B41937D9ED009B5544 /* Sounders 2.jpeg */ = {isa = PBXFileReference; lastKnownFileType = image.jpeg; path = "Sounders 2.jpeg"; sourceTree = "<group>"; };
		2550B0B51937D9ED009B5544 /* Sounders 3.jpg */ = {isa = PBXFileReference; lastKnownFileType = image.jpeg; path = "Sounders 3.jpg"; sourceTree = "<group>"; };
		2550B0B61937D9ED009B5544 /* Sounders 4.jpg */ = {isa = PBXFileReference; lastKnownFileType = image.jpeg; path = "Sounders 4.jpg"; sourceTree = "<group>"; };
		2550B0B71937D9ED009B5544 /* Sounders 5.jpg */ = {isa = PBXFileReference; lastKnownFileType = image.jpeg; path = "Sounders 5.jpg"; sourceTree = "<group>"; };
		2550B0B81937D9ED009B5544 /* Wallace Falls 1.jpg */ = {isa = PBXFileReference; lastKnownFileType = image.jpeg; path = "Wallace Falls 1.jpg"; sourceTree = "<group>"; };
		2550B0B91937D9ED009B5544 /* Wallace Falls 10.jpg */ = {isa = PBXFileReference; lastKnownFileType = image.jpeg; path = "Wallace Falls 10.jpg"; sourceTree = "<group>"; };
		2550B0BA1937D9ED009B5544 /* Wallace Falls 11.jpg */ = {isa = PBXFileReference; lastKnownFileType = image.jpeg; path = "Wallace Falls 11.jpg"; sourceTree = "<group>"; };
		2550B0BB1937D9ED009B5544 /* Wallace Falls 12.jpg */ = {isa = PBXFileReference; lastKnownFileType = image.jpeg; path = "Wallace Falls 12.jpg"; sourceTree = "<group>"; };
		2550B0BC1937D9ED009B5544 /* Wallace Falls 13.jpg */ = {isa = PBXFileReference; lastKnownFileType = image.jpeg; path = "Wallace Falls 13.jpg"; sourceTree = "<group>"; };
		2550B0BD1937D9ED009B5544 /* Wallace Falls 14.jpg */ = {isa = PBXFileReference; lastKnownFileType = image.jpeg; path = "Wallace Falls 14.jpg"; sourceTree = "<group>"; };
		2550B0BE1937D9ED009B5544 /* Wallace Falls 2.jpg */ = {isa = PBXFileReference; lastKnownFileType = image.jpeg; path = "Wallace Falls 2.jpg"; sourceTree = "<group>"; };
		2550B0BF1937D9ED009B5544 /* Wallace Falls 3.jpg */ = {isa = PBXFileReference; lastKnownFileType = image.jpeg; path = "Wallace Falls 3.jpg"; sourceTree = "<group>"; };
		2550B0C01937D9ED009B5544 /* Wallace Falls 4.jpg */ = {isa = PBXFileReference; lastKnownFileType = image.jpeg; path = "Wallace Falls 4.jpg"; sourceTree = "<group>"; };
		2550B0C11937D9ED009B5544 /* Wallace Falls 5.jpg */ = {isa = PBXFileReference; lastKnownFileType = image.jpeg; path = "Wallace Falls 5.jpg"; sourceTree = "<group>"; };
		2550B0C21937D9ED009B5544 /* Wallace Falls 6.jpg */ = {isa = PBXFileReference; lastKnownFileType = image.jpeg; path = "Wallace Falls 6.jpg"; sourceTree = "<group>"; };
		2550B0C31937D9ED009B5544 /* Wallace Falls 7.jpg */ = {isa = PBXFileReference; lastKnownFileType = image.jpeg; path = "Wallace Falls 7.jpg"; sourceTree = "<group>"; };
		2550B0C41937D9ED009B5544 /* Wallace Falls 8.jpg */ = {isa = PBXFileReference; lastKnownFileType = image.jpeg; path = "Wallace Falls 8.jpg"; sourceTree = "<group>"; };
		2550B0C51937D9ED009B5544 /* Wallace Falls 9.jpg */ = {isa = PBXFileReference; lastKnownFileType = image.jpeg; path = "Wallace Falls 9.jpg"; sourceTree = "<group>"; };
/* End PBXFileReference section */

/* Begin PBXFrameworksBuildPhase section */
		2550B06B1937D8B8009B5544 /* Frameworks */ = {
			isa = PBXFrameworksBuildPhase;
			buildActionMask = 2147483647;
			files = (
				2550B0741937D8B8009B5544 /* CoreGraphics.framework in Frameworks */,
				2550B0761937D8B8009B5544 /* UIKit.framework in Frameworks */,
				2550B0721937D8B8009B5544 /* Foundation.framework in Frameworks */,
			);
			runOnlyForDeploymentPostprocessing = 0;
		};
		2550B08C1937D8B8009B5544 /* Frameworks */ = {
			isa = PBXFrameworksBuildPhase;
			buildActionMask = 2147483647;
			files = (
				2550B0911937D8B8009B5544 /* XCTest.framework in Frameworks */,
				2550B0931937D8B8009B5544 /* UIKit.framework in Frameworks */,
				2550B0921937D8B8009B5544 /* Foundation.framework in Frameworks */,
			);
			runOnlyForDeploymentPostprocessing = 0;
		};
/* End PBXFrameworksBuildPhase section */

/* Begin PBXGroup section */
		2550B0651937D8B8009B5544 = {
			isa = PBXGroup;
			children = (
				2550B0771937D8B8009B5544 /* PhotoGrid2 */,
				2550B0961937D8B8009B5544 /* PhotoGrid2Tests */,
				2550B0701937D8B8009B5544 /* Frameworks */,
				2550B06F1937D8B8009B5544 /* Products */,
			);
			sourceTree = "<group>";
		};
		2550B06F1937D8B8009B5544 /* Products */ = {
			isa = PBXGroup;
			children = (
				2550B06E1937D8B8009B5544 /* PhotoGrid2.app */,
				2550B08F1937D8B8009B5544 /* PhotoGrid2Tests.xctest */,
			);
			name = Products;
			sourceTree = "<group>";
		};
		2550B0701937D8B8009B5544 /* Frameworks */ = {
			isa = PBXGroup;
			children = (
				2550B0711937D8B8009B5544 /* Foundation.framework */,
				2550B0731937D8B8009B5544 /* CoreGraphics.framework */,
				2550B0751937D8B8009B5544 /* UIKit.framework */,
				2550B0901937D8B8009B5544 /* XCTest.framework */,
			);
			name = Frameworks;
			sourceTree = "<group>";
		};
		2550B0771937D8B8009B5544 /* PhotoGrid2 */ = {
			isa = PBXGroup;
			children = (
				2550B0801937D8B8009B5544 /* JJGAppDelegate.h */,
				2550B0811937D8B8009B5544 /* JJGAppDelegate.m */,
				2550B0831937D8B8009B5544 /* Main.storyboard */,
				2550B0A91937D976009B5544 /* PhotoCell.h */,
				2550B0AA1937D976009B5544 /* PhotoCell.m */,
				2550B0A61937D91F009B5544 /* JJGCollectionViewController.h */,
				2550B0A71937D91F009B5544 /* JJGCollectionViewController.m */,
				2550B0891937D8B8009B5544 /* Images.xcassets */,
				2550B0781937D8B8009B5544 /* Supporting Files */,
			);
			path = PhotoGrid2;
			sourceTree = "<group>";
		};
		2550B0781937D8B8009B5544 /* Supporting Files */ = {
			isa = PBXGroup;
			children = (
				2550B0AC1937D9ED009B5544 /* Images */,
				2550B0791937D8B8009B5544 /* PhotoGrid2-Info.plist */,
				2550B07A1937D8B8009B5544 /* InfoPlist.strings */,
				2550B07D1937D8B8009B5544 /* main.m */,
				2550B07F1937D8B8009B5544 /* PhotoGrid2-Prefix.pch */,
			);
			name = "Supporting Files";
			sourceTree = "<group>";
		};
		2550B0961937D8B8009B5544 /* PhotoGrid2Tests */ = {
			isa = PBXGroup;
			children = (
				2550B09C1937D8B8009B5544 /* PhotoGrid2Tests.m */,
				2550B0971937D8B8009B5544 /* Supporting Files */,
			);
			path = PhotoGrid2Tests;
			sourceTree = "<group>";
		};
		2550B0971937D8B8009B5544 /* Supporting Files */ = {
			isa = PBXGroup;
			children = (
				2550B0981937D8B8009B5544 /* PhotoGrid2Tests-Info.plist */,
				2550B0991937D8B8009B5544 /* InfoPlist.strings */,
			);
			name = "Supporting Files";
			sourceTree = "<group>";
		};
		2550B0AC1937D9ED009B5544 /* Images */ = {
			isa = PBXGroup;
			children = (
				2550B0AD1937D9ED009B5544 /* Frisbee 1.jpg */,
				2550B0AE1937D9ED009B5544 /* Frisbee 2.jpeg */,
				2550B0AF1937D9ED009B5544 /* Frisbee 3.jpg */,
				2550B0B01937D9ED009B5544 /* Kessa 1.jpg */,
				2550B0B11937D9ED009B5544 /* Kessa 2.jpg */,
				2550B0B21937D9ED009B5544 /* Kessa 3.jpg */,
				2550B0B31937D9ED009B5544 /* Sounders 1.jpg */,
				2550B0B41937D9ED009B5544 /* Sounders 2.jpeg */,
				2550B0B51937D9ED009B5544 /* Sounders 3.jpg */,
				2550B0B61937D9ED009B5544 /* Sounders 4.jpg */,
				2550B0B71937D9ED009B5544 /* Sounders 5.jpg */,
				2550B0B81937D9ED009B5544 /* Wallace Falls 1.jpg */,
				2550B0B91937D9ED009B5544 /* Wallace Falls 10.jpg */,
				2550B0BA1937D9ED009B5544 /* Wallace Falls 11.jpg */,
				2550B0BB1937D9ED009B5544 /* Wallace Falls 12.jpg */,
				2550B0BC1937D9ED009B5544 /* Wallace Falls 13.jpg */,
				2550B0BD1937D9ED009B5544 /* Wallace Falls 14.jpg */,
				2550B0BE1937D9ED009B5544 /* Wallace Falls 2.jpg */,
				2550B0BF1937D9ED009B5544 /* Wallace Falls 3.jpg */,
				2550B0C01937D9ED009B5544 /* Wallace Falls 4.jpg */,
				2550B0C11937D9ED009B5544 /* Wallace Falls 5.jpg */,
				2550B0C21937D9ED009B5544 /* Wallace Falls 6.jpg */,
				2550B0C31937D9ED009B5544 /* Wallace Falls 7.jpg */,
				2550B0C41937D9ED009B5544 /* Wallace Falls 8.jpg */,
				2550B0C51937D9ED009B5544 /* Wallace Falls 9.jpg */,
			);
			name = Images;
			path = ../../Photogrid/Images;
			sourceTree = "<group>";
		};
/* End PBXGroup section */

/* Begin PBXNativeTarget section */
		2550B06D1937D8B8009B5544 /* PhotoGrid2 */ = {
			isa = PBXNativeTarget;
			buildConfigurationList = 2550B0A01937D8B8009B5544 /* Build configuration list for PBXNativeTarget "PhotoGrid2" */;
			buildPhases = (
				2550B06A1937D8B8009B5544 /* Sources */,
				2550B06B1937D8B8009B5544 /* Frameworks */,
				2550B06C1937D8B8009B5544 /* Resources */,
			);
			buildRules = (
			);
			dependencies = (
			);
			name = PhotoGrid2;
			productName = PhotoGrid2;
			productReference = 2550B06E1937D8B8009B5544 /* PhotoGrid2.app */;
			productType = "com.apple.product-type.application";
		};
		2550B08E1937D8B8009B5544 /* PhotoGrid2Tests */ = {
			isa = PBXNativeTarget;
			buildConfigurationList = 2550B0A31937D8B8009B5544 /* Build configuration list for PBXNativeTarget "PhotoGrid2Tests" */;
			buildPhases = (
				2550B08B1937D8B8009B5544 /* Sources */,
				2550B08C1937D8B8009B5544 /* Frameworks */,
				2550B08D1937D8B8009B5544 /* Resources */,
			);
			buildRules = (
			);
			dependencies = (
				2550B0951937D8B8009B5544 /* PBXTargetDependency */,
			);
			name = PhotoGrid2Tests;
			productName = PhotoGrid2Tests;
			productReference = 2550B08F1937D8B8009B5544 /* PhotoGrid2Tests.xctest */;
			productType = "com.apple.product-type.bundle.unit-test";
		};
/* End PBXNativeTarget section */

/* Begin PBXProject section */
		2550B0661937D8B8009B5544 /* Project object */ = {
			isa = PBXProject;
			attributes = {
				CLASSPREFIX = JJG;
				LastUpgradeCheck = 0510;
				ORGANIZATIONNAME = "Jeff Gayle";
				TargetAttributes = {
					2550B08E1937D8B8009B5544 = {
						TestTargetID = 2550B06D1937D8B8009B5544;
					};
				};
			};
			buildConfigurationList = 2550B0691937D8B8009B5544 /* Build configuration list for PBXProject "PhotoGrid2" */;
			compatibilityVersion = "Xcode 3.2";
			developmentRegion = English;
			hasScannedForEncodings = 0;
			knownRegions = (
				en,
				Base,
			);
			mainGroup = 2550B0651937D8B8009B5544;
			productRefGroup = 2550B06F1937D8B8009B5544 /* Products */;
			projectDirPath = "";
			projectRoot = "";
			targets = (
				2550B06D1937D8B8009B5544 /* PhotoGrid2 */,
				2550B08E1937D8B8009B5544 /* PhotoGrid2Tests */,
			);
		};
/* End PBXProject section */

/* Begin PBXResourcesBuildPhase section */
		2550B06C1937D8B8009B5544 /* Resources */ = {
			isa = PBXResourcesBuildPhase;
			buildActionMask = 2147483647;
			files = (
				2550B0D71937D9ED009B5544 /* Wallace Falls 2.jpg in Resources */,
				2550B0CD1937D9ED009B5544 /* Sounders 2.jpeg in Resources */,
				2550B08A1937D8B8009B5544 /* Images.xcassets in Resources */,
				2550B0C61937D9ED009B5544 /* Frisbee 1.jpg in Resources */,
				2550B0D91937D9ED009B5544 /* Wallace Falls 4.jpg in Resources */,
				2550B0D01937D9ED009B5544 /* Sounders 5.jpg in Resources */,
				2550B07C1937D8B8009B5544 /* InfoPlist.strings in Resources */,
				2550B0D41937D9ED009B5544 /* Wallace Falls 12.jpg in Resources */,
				2550B0CC1937D9ED009B5544 /* Sounders 1.jpg in Resources */,
				2550B0D81937D9ED009B5544 /* Wallace Falls 3.jpg in Resources */,
				2550B0DC1937D9ED009B5544 /* Wallace Falls 7.jpg in Resources */,
				2550B0CA1937D9ED009B5544 /* Kessa 2.jpg in Resources */,
				2550B0CB1937D9ED009B5544 /* Kessa 3.jpg in Resources */,
				2550B0DB1937D9ED009B5544 /* Wallace Falls 6.jpg in Resources */,
				2550B0DE1937D9ED009B5544 /* Wallace Falls 9.jpg in Resources */,
				2550B0C91937D9ED009B5544 /* Kessa 1.jpg in Resources */,
				2550B0C81937D9ED009B5544 /* Frisbee 3.jpg in Resources */,
				2550B0851937D8B8009B5544 /* Main.storyboard in Resources */,
				2550B0CF1937D9ED009B5544 /* Sounders 4.jpg in Resources */,
				2550B0D51937D9ED009B5544 /* Wallace Falls 13.jpg in Resources */,
				2550B0D11937D9ED009B5544 /* Wallace Falls 1.jpg in Resources */,
				2550B0DA1937D9ED009B5544 /* Wallace Falls 5.jpg in Resources */,
				2550B0DD1937D9ED009B5544 /* Wallace Falls 8.jpg in Resources */,
				2550B0D61937D9ED009B5544 /* Wallace Falls 14.jpg in Resources */,
				2550B0C71937D9ED009B5544 /* Frisbee 2.jpeg in Resources */,
				2550B0CE1937D9ED009B5544 /* Sounders 3.jpg in Resources */,
				2550B0D31937D9ED009B5544 /* Wallace Falls 11.jpg in Resources */,
				2550B0D21937D9ED009B5544 /* Wallace Falls 10.jpg in Resources */,
			);
			runOnlyForDeploymentPostprocessing = 0;
		};
		2550B08D1937D8B8009B5544 /* Resources */ = {
			isa = PBXResourcesBuildPhase;
			buildActionMask = 2147483647;
			files = (
				2550B09B1937D8B8009B5544 /* InfoPlist.strings in Resources */,
			);
			runOnlyForDeploymentPostprocessing = 0;
		};
/* End PBXResourcesBuildPhase section */

/* Begin PBXSourcesBuildPhase section */
		2550B06A1937D8B8009B5544 /* Sources */ = {
			isa = PBXSourcesBuildPhase;
			buildActionMask = 2147483647;
			files = (
				2550B0AB1937D976009B5544 /* PhotoCell.m in Sources */,
				2550B0821937D8B8009B5544 /* JJGAppDelegate.m in Sources */,
				2550B0A81937D91F009B5544 /* JJGCollectionViewController.m in Sources */,
				2550B07E1937D8B8009B5544 /* main.m in Sources */,
			);
			runOnlyForDeploymentPostprocessing = 0;
		};
		2550B08B1937D8B8009B5544 /* Sources */ = {
			isa = PBXSourcesBuildPhase;
			buildActionMask = 2147483647;
			files = (
				2550B09D1937D8B8009B5544 /* PhotoGrid2Tests.m in Sources */,
			);
			runOnlyForDeploymentPostprocessing = 0;
		};
/* End PBXSourcesBuildPhase section */

/* Begin PBXTargetDependency section */
		2550B0951937D8B8009B5544 /* PBXTargetDependency */ = {
			isa = PBXTargetDependency;
			target = 2550B06D1937D8B8009B5544 /* PhotoGrid2 */;
			targetProxy = 2550B0941937D8B8009B5544 /* PBXContainerItemProxy */;
		};
/* End PBXTargetDependency section */

/* Begin PBXVariantGroup section */
		2550B07A1937D8B8009B5544 /* InfoPlist.strings */ = {
			isa = PBXVariantGroup;
			children = (
				2550B07B1937D8B8009B5544 /* en */,
			);
			name = InfoPlist.strings;
			sourceTree = "<group>";
		};
		2550B0831937D8B8009B5544 /* Main.storyboard */ = {
			isa = PBXVariantGroup;
			children = (
				2550B0841937D8B8009B5544 /* Base */,
			);
			name = Main.storyboard;
			sourceTree = "<group>";
		};
		2550B0991937D8B8009B5544 /* InfoPlist.strings */ = {
			isa = PBXVariantGroup;
			children = (
				2550B09A1937D8B8009B5544 /* en */,
			);
			name = InfoPlist.strings;
			sourceTree = "<group>";
		};
/* End PBXVariantGroup section */

/* Begin XCBuildConfiguration section */
		2550B09E1937D8B8009B5544 /* Debug */ = {
			isa = XCBuildConfiguration;
			buildSettings = {
				ALWAYS_SEARCH_USER_PATHS = NO;
				CLANG_CXX_LANGUAGE_STANDARD = "gnu++0x";
				CLANG_CXX_LIBRARY = "libc++";
				CLANG_ENABLE_MODULES = YES;
				CLANG_ENABLE_OBJC_ARC = YES;
				CLANG_WARN_BOOL_CONVERSION = YES;
				CLANG_WARN_CONSTANT_CONVERSION = YES;
				CLANG_WARN_DIRECT_OBJC_ISA_USAGE = YES_ERROR;
				CLANG_WARN_EMPTY_BODY = YES;
				CLANG_WARN_ENUM_CONVERSION = YES;
				CLANG_WARN_INT_CONVERSION = YES;
				CLANG_WARN_OBJC_ROOT_CLASS = YES_ERROR;
				CLANG_WARN__DUPLICATE_METHOD_MATCH = YES;
				"CODE_SIGN_IDENTITY[sdk=iphoneos*]" = "iPhone Developer";
				COPY_PHASE_STRIP = NO;
				GCC_C_LANGUAGE_STANDARD = gnu99;
				GCC_DYNAMIC_NO_PIC = NO;
				GCC_OPTIMIZATION_LEVEL = 0;
				GCC_PREPROCESSOR_DEFINITIONS = (
					"DEBUG=1",
					"$(inherited)",
				);
				GCC_SYMBOLS_PRIVATE_EXTERN = NO;
				GCC_WARN_64_TO_32_BIT_CONVERSION = YES;
				GCC_WARN_ABOUT_RETURN_TYPE = YES_ERROR;
				GCC_WARN_UNDECLARED_SELECTOR = YES;
				GCC_WARN_UNINITIALIZED_AUTOS = YES_AGGRESSIVE;
				GCC_WARN_UNUSED_FUNCTION = YES;
				GCC_WARN_UNUSED_VARIABLE = YES;
				IPHONEOS_DEPLOYMENT_TARGET = 7.1;
				ONLY_ACTIVE_ARCH = YES;
				SDKROOT = iphoneos;
			};
			name = Debug;
		};
		2550B09F1937D8B8009B5544 /* Release */ = {
			isa = XCBuildConfiguration;
			buildSettings = {
				ALWAYS_SEARCH_USER_PATHS = NO;
				CLANG_CXX_LANGUAGE_STANDARD = "gnu++0x";
				CLANG_CXX_LIBRARY = "libc++";
				CLANG_ENABLE_MODULES = YES;
				CLANG_ENABLE_OBJC_ARC = YES;
				CLANG_WARN_BOOL_CONVERSION = YES;
				CLANG_WARN_CONSTANT_CONVERSION = YES;
				CLANG_WARN_DIRECT_OBJC_ISA_USAGE = YES_ERROR;
				CLANG_WARN_EMPTY_BODY = YES;
				CLANG_WARN_ENUM_CONVERSION = YES;
				CLANG_WARN_INT_CONVERSION = YES;
				CLANG_WARN_OBJC_ROOT_CLASS = YES_ERROR;
				CLANG_WARN__DUPLICATE_METHOD_MATCH = YES;
				"CODE_SIGN_IDENTITY[sdk=iphoneos*]" = "iPhone Developer";
				COPY_PHASE_STRIP = YES;
				ENABLE_NS_ASSERTIONS = NO;
				GCC_C_LANGUAGE_STANDARD = gnu99;
				GCC_WARN_64_TO_32_BIT_CONVERSION = YES;
				GCC_WARN_ABOUT_RETURN_TYPE = YES_ERROR;
				GCC_WARN_UNDECLARED_SELECTOR = YES;
				GCC_WARN_UNINITIALIZED_AUTOS = YES_AGGRESSIVE;
				GCC_WARN_UNUSED_FUNCTION = YES;
				GCC_WARN_UNUSED_VARIABLE = YES;
				IPHONEOS_DEPLOYMENT_TARGET = 7.1;
				SDKROOT = iphoneos;
				VALIDATE_PRODUCT = YES;
			};
			name = Release;
		};
		2550B0A11937D8B8009B5544 /* Debug */ = {
			isa = XCBuildConfiguration;
			buildSettings = {
				ASSETCATALOG_COMPILER_APPICON_NAME = AppIcon;
				ASSETCATALOG_COMPILER_LAUNCHIMAGE_NAME = LaunchImage;
				GCC_PRECOMPILE_PREFIX_HEADER = YES;
				GCC_PREFIX_HEADER = "PhotoGrid2/PhotoGrid2-Prefix.pch";
				INFOPLIST_FILE = "PhotoGrid2/PhotoGrid2-Info.plist";
				PRODUCT_NAME = "$(TARGET_NAME)";
				WRAPPER_EXTENSION = app;
			};
			name = Debug;
		};
		2550B0A21937D8B8009B5544 /* Release */ = {
			isa = XCBuildConfiguration;
			buildSettings = {
				ASSETCATALOG_COMPILER_APPICON_NAME = AppIcon;
				ASSETCATALOG_COMPILER_LAUNCHIMAGE_NAME = LaunchImage;
				GCC_PRECOMPILE_PREFIX_HEADER = YES;
				GCC_PREFIX_HEADER = "PhotoGrid2/PhotoGrid2-Prefix.pch";
				INFOPLIST_FILE = "PhotoGrid2/PhotoGrid2-Info.plist";
				PRODUCT_NAME = "$(TARGET_NAME)";
				WRAPPER_EXTENSION = app;
			};
			name = Release;
		};
		2550B0A41937D8B8009B5544 /* Debug */ = {
			isa = XCBuildConfiguration;
			buildSettings = {
				BUNDLE_LOADER = "$(BUILT_PRODUCTS_DIR)/PhotoGrid2.app/PhotoGrid2";
				FRAMEWORK_SEARCH_PATHS = (
					"$(SDKROOT)/Developer/Library/Frameworks",
					"$(inherited)",
					"$(DEVELOPER_FRAMEWORKS_DIR)",
				);
				GCC_PRECOMPILE_PREFIX_HEADER = YES;
				GCC_PREFIX_HEADER = "PhotoGrid2/PhotoGrid2-Prefix.pch";
				GCC_PREPROCESSOR_DEFINITIONS = (
					"DEBUG=1",
					"$(inherited)",
				);
				INFOPLIST_FILE = "PhotoGrid2Tests/PhotoGrid2Tests-Info.plist";
				PRODUCT_NAME = "$(TARGET_NAME)";
				TEST_HOST = "$(BUNDLE_LOADER)";
				WRAPPER_EXTENSION = xctest;
			};
			name = Debug;
		};
		2550B0A51937D8B8009B5544 /* Release */ = {
			isa = XCBuildConfiguration;
			buildSettings = {
				BUNDLE_LOADER = "$(BUILT_PRODUCTS_DIR)/PhotoGrid2.app/PhotoGrid2";
				FRAMEWORK_SEARCH_PATHS = (
					"$(SDKROOT)/Developer/Library/Frameworks",
					"$(inherited)",
					"$(DEVELOPER_FRAMEWORKS_DIR)",
				);
				GCC_PRECOMPILE_PREFIX_HEADER = YES;
				GCC_PREFIX_HEADER = "PhotoGrid2/PhotoGrid2-Prefix.pch";
				INFOPLIST_FILE = "PhotoGrid2Tests/PhotoGrid2Tests-Info.plist";
				PRODUCT_NAME = "$(TARGET_NAME)";
				TEST_HOST = "$(BUNDLE_LOADER)";
				WRAPPER_EXTENSION = xctest;
			};
			name = Release;
		};
/* End XCBuildConfiguration section */

/* Begin XCConfigurationList section */
		2550B0691937D8B8009B5544 /* Build configuration list for PBXProject "PhotoGrid2" */ = {
			isa = XCConfigurationList;
			buildConfigurations = (
				2550B09E1937D8B8009B5544 /* Debug */,
				2550B09F1937D8B8009B5544 /* Release */,
			);
			defaultConfigurationIsVisible = 0;
			defaultConfigurationName = Release;
		};
		2550B0A01937D8B8009B5544 /* Build configuration list for PBXNativeTarget "PhotoGrid2" */ = {
			isa = XCConfigurationList;
			buildConfigurations = (
				2550B0A11937D8B8009B5544 /* Debug */,
				2550B0A21937D8B8009B5544 /* Release */,
			);
			defaultConfigurationIsVisible = 0;
		};
		2550B0A31937D8B8009B5544 /* Build configuration list for PBXNativeTarget "PhotoGrid2Tests" */ = {
			isa = XCConfigurationList;
			buildConfigurations = (
				2550B0A41937D8B8009B5544 /* Debug */,
				2550B0A51937D8B8009B5544 /* Release */,
			);
			defaultConfigurationIsVisible = 0;
		};
/* End XCConfigurationList section */
	};
	rootObject = 2550B0661937D8B8009B5544 /* Project object */;
}
